
Microsoft Visual Studio Solution File, Format Version 12.00
# Visual Studio Version 16
VisualStudioVersion = 16.0.32901.82
MinimumVisualStudioVersion = 10.0.40219.1
Project("{FAE04EC0-301F-11D3-BF4B-00C04F79EFBC}") = "calculator_classes", "calculator_classes\calculator_classes.csproj", "{515DA8A6-3CA5-4D39-8901-830441247B0F}"
EndProject
Global
	GlobalSection(SolutionConfigurationPlatforms) = preSolution
		Debug|Any CPU = Debug|Any CPU
		Release|Any CPU = Release|Any CPU
	EndGlobalSection
	GlobalSection(ProjectConfigurationPlatforms) = postSolution
		{515DA8A6-3CA5-4D39-8901-830441247B0F}.Debug|Any CPU.ActiveCfg = Debug|Any CPU
		{515DA8A6-3CA5-4D39-8901-830441247B0F}.Debug|Any CPU.Build.0 = Debug|Any CPU
		{515DA8A6-3CA5-4D39-8901-830441247B0F}.Release|Any CPU.ActiveCfg = Release|Any CPU
		{515DA8A6-3CA5-4D39-8901-830441247B0F}.Release|Any CPU.Build.0 = Release|Any CPU
	EndGlobalSection
	GlobalSection(SolutionProperties) = preSolution
		HideSolutionNode = FALSE
	EndGlobalSection
	GlobalSection(ExtensibilityGlobals) = postSolution
		SolutionGuid = {89BC99FF-2E69-45DD-A0AB-13B286222F91}
	EndGlobalSection
EndGlobal
